
Microsoft Visual Studio Solution File, Format Version 12.00
# Visual Studio 15
VisualStudioVersion = 15.0.26430.13
MinimumVisualStudioVersion = 10.0.40219.1
Project("{FAE04EC0-301F-11D3-BF4B-00C04F79EFBC}") = "Hentu.Common.NPOI", "src\Hentu.Common.NPOI\Hentu.Common.NPOI.csproj", "{28E085A1-3390-4426-B0A1-582D5D5FDEB2}"
EndProject
Project("{2150E333-8FDC-42A3-9474-1A3956D46DE8}") = "4.Test", "4.Test", "{342FB583-2F4A-4E6A-B44E-2FBBDA01A3BD}"
EndProject
Project("{2150E333-8FDC-42A3-9474-1A3956D46DE8}") = "1.Share", "1.Share", "{227C1425-5D90-4482-BDD4-34DABBB584D2}"
EndProject
Project("{2150E333-8FDC-42A3-9474-1A3956D46DE8}") = "2.Thrift", "2.Thrift", "{C57EEEB6-F089-432B-B1A2-5BFD2C3A809F}"
EndProject
Project("{2150E333-8FDC-42A3-9474-1A3956D46DE8}") = "3.Tool", "3.Tool", "{8C86150C-A9AB-40ED-9EF2-2FCA184A0B48}"
EndProject
Project("{FAE04EC0-301F-11D3-BF4B-00C04F79EFBC}") = "Thrift.Server", "src\Hentu.Thrift.Server\Thrift.Server.csproj", "{66D01E2B-5DF0-4B51-9ED8-E4E5B72AA82C}"
EndProject
Project("{FAE04EC0-301F-11D3-BF4B-00C04F79EFBC}") = "Thrift.Client", "src\Hentu.Thrift.Client\Thrift.Client.csproj", "{55FA1D78-D399-4F4E-80D0-950FB055F824}"
EndProject
Project("{FAE04EC0-301F-11D3-BF4B-00C04F79EFBC}") = "Thrift", "src\Hentu.Thrift\Thrift.csproj", "{8A4ECAAF-8F17-4A5E-A987-EC927D20EFD3}"
EndProject
Project("{2150E333-8FDC-42A3-9474-1A3956D46DE8}") = "Thrift", "Thrift", "{1C887786-EABA-4B15-801A-2C2DC93482D7}"
EndProject
Project("{FAE04EC0-301F-11D3-BF4B-00C04F79EFBC}") = "Hentu.Demo.Service", "Test\Hentu.Demo.Service\Hentu.Demo.Service.csproj", "{39350C28-175A-4238-95C3-38A2CD39A78E}"
EndProject
Project("{FAE04EC0-301F-11D3-BF4B-00C04F79EFBC}") = "Hentu.Demo.Service.Thrift", "Test\Hentu.Demo.Service.Thrift\Hentu.Demo.Service.Thrift.csproj", "{F57A69B1-541C-419E-A444-FD93BE385C70}"
EndProject
Project("{FAE04EC0-301F-11D3-BF4B-00C04F79EFBC}") = "Hentu.Demo.Service.ThriftTest", "Test\Hentu.Demo.Service.ThriftTest\Hentu.Demo.Service.ThriftTest.csproj", "{6D78E52A-864F-43A5-8145-B04165466D85}"
EndProject
Global
	GlobalSection(SolutionConfigurationPlatforms) = preSolution
		Debug|Any CPU = Debug|Any CPU
		Release|Any CPU = Release|Any CPU
	EndGlobalSection
	GlobalSection(ProjectConfigurationPlatforms) = postSolution
		{28E085A1-3390-4426-B0A1-582D5D5FDEB2}.Debug|Any CPU.ActiveCfg = Debug|Any CPU
		{28E085A1-3390-4426-B0A1-582D5D5FDEB2}.Debug|Any CPU.Build.0 = Debug|Any CPU
		{28E085A1-3390-4426-B0A1-582D5D5FDEB2}.Release|Any CPU.ActiveCfg = Release|Any CPU
		{28E085A1-3390-4426-B0A1-582D5D5FDEB2}.Release|Any CPU.Build.0 = Release|Any CPU
		{66D01E2B-5DF0-4B51-9ED8-E4E5B72AA82C}.Debug|Any CPU.ActiveCfg = Debug|Any CPU
		{66D01E2B-5DF0-4B51-9ED8-E4E5B72AA82C}.Debug|Any CPU.Build.0 = Debug|Any CPU
		{66D01E2B-5DF0-4B51-9ED8-E4E5B72AA82C}.Release|Any CPU.ActiveCfg = Release|Any CPU
		{66D01E2B-5DF0-4B51-9ED8-E4E5B72AA82C}.Release|Any CPU.Build.0 = Release|Any CPU
		{55FA1D78-D399-4F4E-80D0-950FB055F824}.Debug|Any CPU.ActiveCfg = Debug|Any CPU
		{55FA1D78-D399-4F4E-80D0-950FB055F824}.Debug|Any CPU.Build.0 = Debug|Any CPU
		{55FA1D78-D399-4F4E-80D0-950FB055F824}.Release|Any CPU.ActiveCfg = Release|Any CPU
		{55FA1D78-D399-4F4E-80D0-950FB055F824}.Release|Any CPU.Build.0 = Release|Any CPU
		{8A4ECAAF-8F17-4A5E-A987-EC927D20EFD3}.Debug|Any CPU.ActiveCfg = Debug|Any CPU
		{8A4ECAAF-8F17-4A5E-A987-EC927D20EFD3}.Debug|Any CPU.Build.0 = Debug|Any CPU
		{8A4ECAAF-8F17-4A5E-A987-EC927D20EFD3}.Release|Any CPU.ActiveCfg = Release|Any CPU
		{8A4ECAAF-8F17-4A5E-A987-EC927D20EFD3}.Release|Any CPU.Build.0 = Release|Any CPU
		{39350C28-175A-4238-95C3-38A2CD39A78E}.Debug|Any CPU.ActiveCfg = Debug|Any CPU
		{39350C28-175A-4238-95C3-38A2CD39A78E}.Debug|Any CPU.Build.0 = Debug|Any CPU
		{39350C28-175A-4238-95C3-38A2CD39A78E}.Release|Any CPU.ActiveCfg = Release|Any CPU
		{39350C28-175A-4238-95C3-38A2CD39A78E}.Release|Any CPU.Build.0 = Release|Any CPU
		{F57A69B1-541C-419E-A444-FD93BE385C70}.Debug|Any CPU.ActiveCfg = Debug|Any CPU
		{F57A69B1-541C-419E-A444-FD93BE385C70}.Debug|Any CPU.Build.0 = Debug|Any CPU
		{F57A69B1-541C-419E-A444-FD93BE385C70}.Release|Any CPU.ActiveCfg = Release|Any CPU
		{F57A69B1-541C-419E-A444-FD93BE385C70}.Release|Any CPU.Build.0 = Release|Any CPU
		{6D78E52A-864F-43A5-8145-B04165466D85}.Debug|Any CPU.ActiveCfg = Debug|Any CPU
		{6D78E52A-864F-43A5-8145-B04165466D85}.Debug|Any CPU.Build.0 = Debug|Any CPU
		{6D78E52A-864F-43A5-8145-B04165466D85}.Release|Any CPU.ActiveCfg = Release|Any CPU
		{6D78E52A-864F-43A5-8145-B04165466D85}.Release|Any CPU.Build.0 = Release|Any CPU
	EndGlobalSection
	GlobalSection(SolutionProperties) = preSolution
		HideSolutionNode = FALSE
	EndGlobalSection
	GlobalSection(NestedProjects) = preSolution
		{28E085A1-3390-4426-B0A1-582D5D5FDEB2} = {227C1425-5D90-4482-BDD4-34DABBB584D2}
		{66D01E2B-5DF0-4B51-9ED8-E4E5B72AA82C} = {C57EEEB6-F089-432B-B1A2-5BFD2C3A809F}
		{55FA1D78-D399-4F4E-80D0-950FB055F824} = {C57EEEB6-F089-432B-B1A2-5BFD2C3A809F}
		{8A4ECAAF-8F17-4A5E-A987-EC927D20EFD3} = {C57EEEB6-F089-432B-B1A2-5BFD2C3A809F}
		{1C887786-EABA-4B15-801A-2C2DC93482D7} = {342FB583-2F4A-4E6A-B44E-2FBBDA01A3BD}
		{39350C28-175A-4238-95C3-38A2CD39A78E} = {1C887786-EABA-4B15-801A-2C2DC93482D7}
		{F57A69B1-541C-419E-A444-FD93BE385C70} = {1C887786-EABA-4B15-801A-2C2DC93482D7}
		{6D78E52A-864F-43A5-8145-B04165466D85} = {1C887786-EABA-4B15-801A-2C2DC93482D7}
	EndGlobalSection
	GlobalSection(ExtensibilityGlobals) = postSolution
		SolutionGuid = {5CBB6C75-047B-4805-8C3C-D704D65D9D7F}
	EndGlobalSection
EndGlobal
